// !$*UTF8*$!
{
	archiveVersion = 1;
	classes = {
	};
	objectVersion = 50;
	objects = {

/* Begin PBXBuildFile section */
		2DEB7EA720A3C3A1007520A7 /* AppDelegate.swift in Sources */ = {isa = PBXBuildFile; fileRef = 2DEB7EA620A3C3A1007520A7 /* AppDelegate.swift */; };
		2DEB7EA920A3C3A1007520A7 /* ViewController.swift in Sources */ = {isa = PBXBuildFile; fileRef = 2DEB7EA820A3C3A1007520A7 /* ViewController.swift */; };
		2DEB7EAC20A3C3A1007520A7 /* Main.storyboard in Resources */ = {isa = PBXBuildFile; fileRef = 2DEB7EAA20A3C3A1007520A7 /* Main.storyboard */; };
		2DEB7EAE20A3C3AD007520A7 /* Assets.xcassets in Resources */ = {isa = PBXBuildFile; fileRef = 2DEB7EAD20A3C3AD007520A7 /* Assets.xcassets */; };
		2DEB7EB120A3C3AD007520A7 /* LaunchScreen.storyboard in Resources */ = {isa = PBXBuildFile; fileRef = 2DEB7EAF20A3C3AD007520A7 /* LaunchScreen.storyboard */; };
		2DEB7EBC20A3C3AD007520A7 /* AnimateExampleTests.swift in Sources */ = {isa = PBXBuildFile; fileRef = 2DEB7EBB20A3C3AD007520A7 /* AnimateExampleTests.swift */; };
/* End PBXBuildFile section */

/* Begin PBXContainerItemProxy section */
		2DEB7EB820A3C3AD007520A7 /* PBXContainerItemProxy */ = {
			isa = PBXContainerItemProxy;
			containerPortal = 2DEB7E9B20A3C3A1007520A7 /* Project object */;
			proxyType = 1;
			remoteGlobalIDString = 2DEB7EA220A3C3A1007520A7;
			remoteInfo = AnimateExample;
		};
/* End PBXContainerItemProxy section */

/* Begin PBXFileReference section */
		2DEB7EA320A3C3A1007520A7 /* AnimateExample.app */ = {isa = PBXFileReference; explicitFileType = wrapper.application; includeInIndex = 0; path = AnimateExample.app; sourceTree = BUILT_PRODUCTS_DIR; };
		2DEB7EA620A3C3A1007520A7 /* AppDelegate.swift */ = {isa = PBXFileReference; lastKnownFileType = sourcecode.swift; path = AppDelegate.swift; sourceTree = "<group>"; };
		2DEB7EA820A3C3A1007520A7 /* ViewController.swift */ = {isa = PBXFileReference; lastKnownFileType = sourcecode.swift; path = ViewController.swift; sourceTree = "<group>"; };
		2DEB7EAB20A3C3A1007520A7 /* Base */ = {isa = PBXFileReference; lastKnownFileType = file.storyboard; name = Base; path = Base.lproj/Main.storyboard; sourceTree = "<group>"; };
		2DEB7EAD20A3C3AD007520A7 /* Assets.xcassets */ = {isa = PBXFileReference; lastKnownFileType = folder.assetcatalog; path = Assets.xcassets; sourceTree = "<group>"; };
		2DEB7EB020A3C3AD007520A7 /* Base */ = {isa = PBXFileReference; lastKnownFileType = file.storyboard; name = Base; path = Base.lproj/LaunchScreen.storyboard; sourceTree = "<group>"; };
		2DEB7EB220A3C3AD007520A7 /* Info.plist */ = {isa = PBXFileReference; lastKnownFileType = text.plist.xml; path = Info.plist; sourceTree = "<group>"; };
		2DEB7EB720A3C3AD007520A7 /* AnimateExampleTests.xctest */ = {isa = PBXFileReference; explicitFileType = wrapper.cfbundle; includeInIndex = 0; path = AnimateExampleTests.xctest; sourceTree = BUILT_PRODUCTS_DIR; };
		2DEB7EBB20A3C3AD007520A7 /* AnimateExampleTests.swift */ = {isa = PBXFileReference; lastKnownFileType = sourcecode.swift; path = AnimateExampleTests.swift; sourceTree = "<group>"; };
		2DEB7EBD20A3C3AD007520A7 /* Info.plist */ = {isa = PBXFileReference; lastKnownFileType = text.plist.xml; path = Info.plist; sourceTree = "<group>"; };
/* End PBXFileReference section */

/* Begin PBXFrameworksBuildPhase section */
		2DEB7EA020A3C3A1007520A7 /* Frameworks */ = {
			isa = PBXFrameworksBuildPhase;
			buildActionMask = 2147483647;
			files = (
			);
			runOnlyForDeploymentPostprocessing = 0;
		};
		2DEB7EB420A3C3AD007520A7 /* Frameworks */ = {
			isa = PBXFrameworksBuildPhase;
			buildActionMask = 2147483647;
			files = (
			);
			runOnlyForDeploymentPostprocessing = 0;
		};
/* End PBXFrameworksBuildPhase section */

/* Begin PBXGroup section */
		2DEB7E9A20A3C3A1007520A7 = {
			isa = PBXGroup;
			children = (
				2DEB7EA520A3C3A1007520A7 /* AnimateExample */,
				2DEB7EBA20A3C3AD007520A7 /* AnimateExampleTests */,
				2DEB7EA420A3C3A1007520A7 /* Products */,
			);
			sourceTree = "<group>";
		};
		2DEB7EA420A3C3A1007520A7 /* Products */ = {
			isa = PBXGroup;
			children = (
				2DEB7EA320A3C3A1007520A7 /* AnimateExample.app */,
				2DEB7EB720A3C3AD007520A7 /* AnimateExampleTests.xctest */,
			);
			name = Products;
			sourceTree = "<group>";
		};
		2DEB7EA520A3C3A1007520A7 /* AnimateExample */ = {
			isa = PBXGroup;
			children = (
				2DEB7EA620A3C3A1007520A7 /* AppDelegate.swift */,
				2DEB7EA820A3C3A1007520A7 /* ViewController.swift */,
				2DEB7EAA20A3C3A1007520A7 /* Main.storyboard */,
				2DEB7EAD20A3C3AD007520A7 /* Assets.xcassets */,
				2DEB7EAF20A3C3AD007520A7 /* LaunchScreen.storyboard */,
				2DEB7EB220A3C3AD007520A7 /* Info.plist */,
			);
			path = AnimateExample;
			sourceTree = "<group>";
		};
		2DEB7EBA20A3C3AD007520A7 /* AnimateExampleTests */ = {
			isa = PBXGroup;
			children = (
				2DEB7EBB20A3C3AD007520A7 /* AnimateExampleTests.swift */,
				2DEB7EBD20A3C3AD007520A7 /* Info.plist */,
			);
			path = AnimateExampleTests;
			sourceTree = "<group>";
		};
/* End PBXGroup section */

/* Begin PBXNativeTarget section */
		2DEB7EA220A3C3A1007520A7 /* AnimateExample */ = {
			isa = PBXNativeTarget;
			buildConfigurationList = 2DEB7EC020A3C3AD007520A7 /* Build configuration list for PBXNativeTarget "AnimateExample" */;
			buildPhases = (
				2DEB7E9F20A3C3A1007520A7 /* Sources */,
				2DEB7EA020A3C3A1007520A7 /* Frameworks */,
				2DEB7EA120A3C3A1007520A7 /* Resources */,
			);
			buildRules = (
			);
			dependencies = (
			);
			name = AnimateExample;
			productName = AnimateExample;
			productReference = 2DEB7EA320A3C3A1007520A7 /* AnimateExample.app */;
			productType = "com.apple.product-type.application";
		};
		2DEB7EB620A3C3AD007520A7 /* AnimateExampleTests */ = {
			isa = PBXNativeTarget;
			buildConfigurationList = 2DEB7EC320A3C3AD007520A7 /* Build configuration list for PBXNativeTarget "AnimateExampleTests" */;
			buildPhases = (
				2DEB7EB320A3C3AD007520A7 /* Sources */,
				2DEB7EB420A3C3AD007520A7 /* Frameworks */,
				2DEB7EB520A3C3AD007520A7 /* Resources */,
			);
			buildRules = (
			);
			dependencies = (
				2DEB7EB920A3C3AD007520A7 /* PBXTargetDependency */,
			);
			name = AnimateExampleTests;
			productName = AnimateExampleTests;
			productReference = 2DEB7EB720A3C3AD007520A7 /* AnimateExampleTests.xctest */;
			productType = "com.apple.product-type.bundle.unit-test";
		};
/* End PBXNativeTarget section */

/* Begin PBXProject section */
		2DEB7E9B20A3C3A1007520A7 /* Project object */ = {
			isa = PBXProject;
			attributes = {
				LastSwiftUpdateCheck = 0930;
				LastUpgradeCheck = 0930;
				ORGANIZATIONNAME = "Douglas Alexander";
				TargetAttributes = {
					2DEB7EA220A3C3A1007520A7 = {
						CreatedOnToolsVersion = 9.3;
					};
					2DEB7EB620A3C3AD007520A7 = {
						CreatedOnToolsVersion = 9.3;
						TestTargetID = 2DEB7EA220A3C3A1007520A7;
					};
				};
			};
			buildConfigurationList = 2DEB7E9E20A3C3A1007520A7 /* Build configuration list for PBXProject "AnimateExample" */;
			compatibilityVersion = "Xcode 9.3";
			developmentRegion = en;
			hasScannedForEncodings = 0;
			knownRegions = (
				en,
				Base,
			);
			mainGroup = 2DEB7E9A20A3C3A1007520A7;
			productRefGroup = 2DEB7EA420A3C3A1007520A7 /* Products */;
			projectDirPath = "";
			projectRoot = "";
			targets = (
				2DEB7EA220A3C3A1007520A7 /* AnimateExample */,
				2DEB7EB620A3C3AD007520A7 /* AnimateExampleTests */,
			);
		};
/* End PBXProject section */

/* Begin PBXResourcesBuildPhase section */
		2DEB7EA120A3C3A1007520A7 /* Resources */ = {
			isa = PBXResourcesBuildPhase;
			buildActionMask = 2147483647;
			files = (
				2DEB7EB120A3C3AD007520A7 /* LaunchScreen.storyboard in Resources */,
				2DEB7EAE20A3C3AD007520A7 /* Assets.xcassets in Resources */,
				2DEB7EAC20A3C3A1007520A7 /* Main.storyboard in Resources */,
			);
			runOnlyForDeploymentPostprocessing = 0;
		};
		2DEB7EB520A3C3AD007520A7 /* Resources */ = {
			isa = PBXResourcesBuildPhase;
			buildActionMask = 2147483647;
			files = (
			);
			runOnlyForDeploymentPostprocessing = 0;
		};
/* End PBXResourcesBuildPhase section */

/* Begin PBXSourcesBuildPhase section */
		2DEB7E9F20A3C3A1007520A7 /* Sources */ = {
			isa = PBXSourcesBuildPhase;
			buildActionMask = 2147483647;
			files = (
				2DEB7EA920A3C3A1007520A7 /* ViewController.swift in Sources */,
				2DEB7EA720A3C3A1007520A7 /* AppDelegate.swift in Sources */,
			);
			runOnlyForDeploymentPostprocessing = 0;
		};
		2DEB7EB320A3C3AD007520A7 /* Sources */ = {
			isa = PBXSourcesBuildPhase;
			buildActionMask = 2147483647;
			files = (
				2DEB7EBC20A3C3AD007520A7 /* AnimateExampleTests.swift in Sources */,
			);
			runOnlyForDeploymentPostprocessing = 0;
		};
/* End PBXSourcesBuildPhase section */

/* Begin PBXTargetDependency section */
		2DEB7EB920A3C3AD007520A7 /* PBXTargetDependency */ = {
			isa = PBXTargetDependency;
			target = 2DEB7EA220A3C3A1007520A7 /* AnimateExample */;
			targetProxy = 2DEB7EB820A3C3AD007520A7 /* PBXContainerItemProxy */;
		};
/* End PBXTargetDependency section */

/* Begin PBXVariantGroup section */
		2DEB7EAA20A3C3A1007520A7 /* Main.storyboard */ = {
			isa = PBXVariantGroup;
			children = (
				2DEB7EAB20A3C3A1007520A7 /* Base */,
			);
			name = Main.storyboard;
			sourceTree = "<group>";
		};
		2DEB7EAF20A3C3AD007520A7 /* LaunchScreen.storyboard */ = {
			isa = PBXVariantGroup;
			children = (
				2DEB7EB020A3C3AD007520A7 /* Base */,
			);
			name = LaunchScreen.storyboard;
			sourceTree = "<group>";
		};
/* End PBXVariantGroup section */

/* Begin XCBuildConfiguration section */
		2DEB7EBE20A3C3AD007520A7 /* Debug */ = {
			isa = XCBuildConfiguration;
			buildSettings = {
				ALWAYS_SEARCH_USER_PATHS = NO;
				CLANG_ANALYZER_NONNULL = YES;
				CLANG_ANALYZER_NUMBER_OBJECT_CONVERSION = YES_AGGRESSIVE;
				CLANG_CXX_LANGUAGE_STANDARD = "gnu++14";
				CLANG_CXX_LIBRARY = "libc++";
				CLANG_ENABLE_MODULES = YES;
				CLANG_ENABLE_OBJC_ARC = YES;
				CLANG_ENABLE_OBJC_WEAK = YES;
				CLANG_WARN_BLOCK_CAPTURE_AUTORELEASING = YES;
				CLANG_WARN_BOOL_CONVERSION = YES;
				CLANG_WARN_COMMA = YES;
				CLANG_WARN_CONSTANT_CONVERSION = YES;
				CLANG_WARN_DEPRECATED_OBJC_IMPLEMENTATIONS = YES;
				CLANG_WARN_DIRECT_OBJC_ISA_USAGE = YES_ERROR;
				CLANG_WARN_DOCUMENTATION_COMMENTS = YES;
				CLANG_WARN_EMPTY_BODY = YES;
				CLANG_WARN_ENUM_CONVERSION = YES;
				CLANG_WARN_INFINITE_RECURSION = YES;
				CLANG_WARN_INT_CONVERSION = YES;
				CLANG_WARN_NON_LITERAL_NULL_CONVERSION = YES;
				CLANG_WARN_OBJC_IMPLICIT_RETAIN_SELF = YES;
				CLANG_WARN_OBJC_LITERAL_CONVERSION = YES;
				CLANG_WARN_OBJC_ROOT_CLASS = YES_ERROR;
				CLANG_WARN_RANGE_LOOP_ANALYSIS = YES;
				CLANG_WARN_STRICT_PROTOTYPES = YES;
				CLANG_WARN_SUSPICIOUS_MOVE = YES;
				CLANG_WARN_UNGUARDED_AVAILABILITY = YES_AGGRESSIVE;
				CLANG_WARN_UNREACHABLE_CODE = YES;
				CLANG_WARN__DUPLICATE_METHOD_MATCH = YES;
				CODE_SIGN_IDENTITY = "iPhone Developer";
				COPY_PHASE_STRIP = NO;
				DEBUG_INFORMATION_FORMAT = dwarf;
				ENABLE_STRICT_OBJC_MSGSEND = YES;
				ENABLE_TESTABILITY = YES;
				GCC_C_LANGUAGE_STANDARD = gnu11;
				GCC_DYNAMIC_NO_PIC = NO;
				GCC_NO_COMMON_BLOCKS = YES;
				GCC_OPTIMIZATION_LEVEL = 0;
				GCC_PREPROCESSOR_DEFINITIONS = (
					"DEBUG=1",
					"$(inherited)",
				);
				GCC_WARN_64_TO_32_BIT_CONVERSION = YES;
				GCC_WARN_ABOUT_RETURN_TYPE = YES_ERROR;
				GCC_WARN_UNDECLARED_SELECTOR = YES;
				GCC_WARN_UNINITIALIZED_AUTOS = YES_AGGRESSIVE;
				GCC_WARN_UNUSED_FUNCTION = YES;
				GCC_WARN_UNUSED_VARIABLE = YES;
				IPHONEOS_DEPLOYMENT_TARGET = 11.3;
				MTL_ENABLE_DEBUG_INFO = YES;
				ONLY_ACTIVE_ARCH = YES;
				SDKROOT = iphoneos;
				SWIFT_ACTIVE_COMPILATION_CONDITIONS = DEBUG;
				SWIFT_OPTIMIZATION_LEVEL = "-Onone";
			};
			name = Debug;
		};
		2DEB7EBF20A3C3AD007520A7 /* Release */ = {
			isa = XCBuildConfiguration;
			buildSettings = {
				ALWAYS_SEARCH_USER_PATHS = NO;
				CLANG_ANALYZER_NONNULL = YES;
				CLANG_ANALYZER_NUMBER_OBJECT_CONVERSION = YES_AGGRESSIVE;
				CLANG_CXX_LANGUAGE_STANDARD = "gnu++14";
				CLANG_CXX_LIBRARY = "libc++";
				CLANG_ENABLE_MODULES = YES;
				CLANG_ENABLE_OBJC_ARC = YES;
				CLANG_ENABLE_OBJC_WEAK = YES;
				CLANG_WARN_BLOCK_CAPTURE_AUTORELEASING = YES;
				CLANG_WARN_BOOL_CONVERSION = YES;
				CLANG_WARN_COMMA = YES;
				CLANG_WARN_CONSTANT_CONVERSION = YES;
				CLANG_WARN_DEPRECATED_OBJC_IMPLEMENTATIONS = YES;
				CLANG_WARN_DIRECT_OBJC_ISA_USAGE = YES_ERROR;
				CLANG_WARN_DOCUMENTATION_COMMENTS = YES;
				CLANG_WARN_EMPTY_BODY = YES;
				CLANG_WARN_ENUM_CONVERSION = YES;
				CLANG_WARN_INFINITE_RECURSION = YES;
				CLANG_WARN_INT_CONVERSION = YES;
				CLANG_WARN_NON_LITERAL_NULL_CONVERSION = YES;
				CLANG_WARN_OBJC_IMPLICIT_RETAIN_SELF = YES;
				CLANG_WARN_OBJC_LITERAL_CONVERSION = YES;
				CLANG_WARN_OBJC_ROOT_CLASS = YES_ERROR;
				CLANG_WARN_RANGE_LOOP_ANALYSIS = YES;
				CLANG_WARN_STRICT_PROTOTYPES = YES;
				CLANG_WARN_SUSPICIOUS_MOVE = YES;
				CLANG_WARN_UNGUARDED_AVAILABILITY = YES_AGGRESSIVE;
				CLANG_WARN_UNREACHABLE_CODE = YES;
				CLANG_WARN__DUPLICATE_METHOD_MATCH = YES;
				CODE_SIGN_IDENTITY = "iPhone Developer";
				COPY_PHASE_STRIP = NO;
				DEBUG_INFORMATION_FORMAT = "dwarf-with-dsym";
				ENABLE_NS_ASSERTIONS = NO;
				ENABLE_STRICT_OBJC_MSGSEND = YES;
				GCC_C_LANGUAGE_STANDARD = gnu11;
				GCC_NO_COMMON_BLOCKS = YES;
				GCC_WARN_64_TO_32_BIT_CONVERSION = YES;
				GCC_WARN_ABOUT_RETURN_TYPE = YES_ERROR;
				GCC_WARN_UNDECLARED_SELECTOR = YES;
				GCC_WARN_UNINITIALIZED_AUTOS = YES_AGGRESSIVE;
				GCC_WARN_UNUSED_FUNCTION = YES;
				GCC_WARN_UNUSED_VARIABLE = YES;
				IPHONEOS_DEPLOYMENT_TARGET = 11.3;
				MTL_ENABLE_DEBUG_INFO = NO;
				SDKROOT = iphoneos;
				SWIFT_COMPILATION_MODE = wholemodule;
				SWIFT_OPTIMIZATION_LEVEL = "-O";
				VALIDATE_PRODUCT = YES;
			};
			name = Release;
		};
		2DEB7EC120A3C3AD007520A7 /* Debug */ = {
			isa = XCBuildConfiguration;
			buildSettings = {
				ASSETCATALOG_COMPILER_APPICON_NAME = AppIcon;
				CODE_SIGN_STYLE = Automatic;
				DEVELOPMENT_TEAM = V6969S7D62;
				INFOPLIST_FILE = AnimateExample/Info.plist;
				LD_RUNPATH_SEARCH_PATHS = (
					"$(inherited)",
					"@executable_path/Frameworks",
				);
				PRODUCT_BUNDLE_IDENTIFIER = com.gwc.AnimateExample;
				PRODUCT_NAME = "$(TARGET_NAME)";
				SWIFT_VERSION = 4.0;
				TARGETED_DEVICE_FAMILY = "1,2";
			};
			name = Debug;
		};
		2DEB7EC220A3C3AD007520A7 /* Release */ = {
			isa = XCBuildConfiguration;
			buildSettings = {
				ASSETCATALOG_COMPILER_APPICON_NAME = AppIcon;
				CODE_SIGN_STYLE = Automatic;
				DEVELOPMENT_TEAM = V6969S7D62;
				INFOPLIST_FILE = AnimateExample/Info.plist;
				LD_RUNPATH_SEARCH_PATHS = (
					"$(inherited)",
					"@executable_path/Frameworks",
				);
				PRODUCT_BUNDLE_IDENTIFIER = com.gwc.AnimateExample;
				PRODUCT_NAME = "$(TARGET_NAME)";
				SWIFT_VERSION = 4.0;
				TARGETED_DEVICE_FAMILY = "1,2";
			};
			name = Release;
		};
		2DEB7EC420A3C3AD007520A7 /* Debug */ = {
			isa = XCBuildConfiguration;
			buildSettings = {
				ALWAYS_EMBED_SWIFT_STANDARD_LIBRARIES = YES;
				BUNDLE_LOADER = "$(TEST_HOST)";
				CODE_SIGN_STYLE = Automatic;
				DEVELOPMENT_TEAM = V6969S7D62;
				INFOPLIST_FILE = AnimateExampleTests/Info.plist;
				LD_RUNPATH_SEARCH_PATHS = (
					"$(inherited)",
					"@executable_path/Frameworks",
					"@loader_path/Frameworks",
				);
				PRODUCT_BUNDLE_IDENTIFIER = com.gwc.AnimateExampleTests;
				PRODUCT_NAME = "$(TARGET_NAME)";
				SWIFT_VERSION = 4.0;
				TARGETED_DEVICE_FAMILY = "1,2";
				TEST_HOST = "$(BUILT_PRODUCTS_DIR)/AnimateExample.app/AnimateExample";
			};
			name = Debug;
		};
		2DEB7EC520A3C3AD007520A7 /* Release */ = {
			isa = XCBuildConfiguration;
			buildSettings = {
				ALWAYS_EMBED_SWIFT_STANDARD_LIBRARIES = YES;
				BUNDLE_LOADER = "$(TEST_HOST)";
				CODE_SIGN_STYLE = Automatic;
				DEVELOPMENT_TEAM = V6969S7D62;
				INFOPLIST_FILE = AnimateExampleTests/Info.plist;
				LD_RUNPATH_SEARCH_PATHS = (
					"$(inherited)",
					"@executable_path/Frameworks",
					"@loader_path/Frameworks",
				);
				PRODUCT_BUNDLE_IDENTIFIER = com.gwc.AnimateExampleTests;
				PRODUCT_NAME = "$(TARGET_NAME)";
				SWIFT_VERSION = 4.0;
				TARGETED_DEVICE_FAMILY = "1,2";
				TEST_HOST = "$(BUILT_PRODUCTS_DIR)/AnimateExample.app/AnimateExample";
			};
			name = Release;
		};
/* End XCBuildConfiguration section */

/* Begin XCConfigurationList section */
		2DEB7E9E20A3C3A1007520A7 /* Build configuration list for PBXProject "AnimateExample" */ = {
			isa = XCConfigurationList;
			buildConfigurations = (
				2DEB7EBE20A3C3AD007520A7 /* Debug */,
				2DEB7EBF20A3C3AD007520A7 /* Release */,
			);
			defaultConfigurationIsVisible = 0;
			defaultConfigurationName = Release;
		};
		2DEB7EC020A3C3AD007520A7 /* Build configuration list for PBXNativeTarget "AnimateExample" */ = {
			isa = XCConfigurationList;
			buildConfigurations = (
				2DEB7EC120A3C3AD007520A7 /* Debug */,
				2DEB7EC220A3C3AD007520A7 /* Release */,
			);
			defaultConfigurationIsVisible = 0;
			defaultConfigurationName = Release;
		};
		2DEB7EC320A3C3AD007520A7 /* Build configuration list for PBXNativeTarget "AnimateExampleTests" */ = {
			isa = XCConfigurationList;
			buildConfigurations = (
				2DEB7EC420A3C3AD007520A7 /* Debug */,
				2DEB7EC520A3C3AD007520A7 /* Release */,
			);
			defaultConfigurationIsVisible = 0;
			defaultConfigurationName = Release;
		};
/* End XCConfigurationList section */
	};
	rootObject = 2DEB7E9B20A3C3A1007520A7 /* Project object */;
}
